
Microsoft Visual Studio Solution File, Format Version 12.00
# Visual Studio Version 17
VisualStudioVersion = 17.5.002.0
MinimumVisualStudioVersion = 10.0.40219.1
Project("{9A19103F-16F7-4668-BE54-9A1E7A4F7556}") = "LocalFunctionProj", "LocalFunctionProj.csproj", "{E0C451AD-E52C-4284-83ED-E7F4B325F588}"
EndProject
Global
	GlobalSection(SolutionConfigurationPlatforms) = preSolution
		Debug|Any CPU = Debug|Any CPU
		Release|Any CPU = Release|Any CPU
	EndGlobalSection
	GlobalSection(ProjectConfigurationPlatforms) = postSolution
		{E0C451AD-E52C-4284-83ED-E7F4B325F588}.Debug|Any CPU.ActiveCfg = Debug|Any CPU
		{E0C451AD-E52C-4284-83ED-E7F4B325F588}.Debug|Any CPU.Build.0 = Debug|Any CPU
		{E0C451AD-E52C-4284-83ED-E7F4B325F588}.Release|Any CPU.ActiveCfg = Release|Any CPU
		{E0C451AD-E52C-4284-83ED-E7F4B325F588}.Release|Any CPU.Build.0 = Release|Any CPU
	EndGlobalSection
	GlobalSection(SolutionProperties) = preSolution
		HideSolutionNode = FALSE
	EndGlobalSection
	GlobalSection(ExtensibilityGlobals) = postSolution
		SolutionGuid = {9E86C76A-5F41-4F11-8FE6-33DF59AF466B}
	EndGlobalSection
EndGlobal
